{
  "name": "regulation-analysis",
  "version": "1.0.0",
  "lockfileVersion": 1,
  "dependencies": {
    "badwords": {
      "version": "1.0.0",
      "resolved": "https://registry.npmjs.org/badwords/-/badwords-1.0.0.tgz",
      "integrity": "sha1-W/4VKDijKVjABFyB+0y1HBDteBw="
    },
    "bluebird": {
      "version": "https://registry.npmjs.org/bluebird/-/bluebird-3.5.0.tgz",
      "integrity": "sha1-eRQg1/VR7qKJdFOop3ZT+WYG1nw="
    },
    "debug": {
      "version": "https://registry.npmjs.org/debug/-/debug-2.6.8.tgz",
      "integrity": "sha1-5zFTHKLt4n0YgiJCfaF4IdaP9Pw="
    },
    "doc-path": {
      "version": "https://registry.npmjs.org/doc-path/-/doc-path-1.0.8.tgz",
      "integrity": "sha1-iMnplMB8ywQPhQgabmAuM+Lu/EE="
    },
    "encoding": {
      "version": "https://registry.npmjs.org/encoding/-/encoding-0.1.12.tgz",
      "integrity": "sha1-U4tm8+5izRq1HsMjgp0flIDHS+s="
    },
    "fs-extra": {
      "version": "https://registry.npmjs.org/fs-extra/-/fs-extra-3.0.1.tgz",
      "integrity": "sha1-N5TzeMWLNC6n27sjCVEJxLO2IpE="
    },
    "graceful-fs": {
      "version": "https://registry.npmjs.org/graceful-fs/-/graceful-fs-4.1.11.tgz",
      "integrity": "sha1-Dovf5NHduIVNZOBOp8AOKgJuVlg="
    },
    "iconv-lite": {
      "version": "https://registry.npmjs.org/iconv-lite/-/iconv-lite-0.4.17.tgz",
      "integrity": "sha1-T9qjs4rLwsAxsEXQ7c3+HsqxjI0="
    },
    "is-stream": {
      "version": "https://registry.npmjs.org/is-stream/-/is-stream-1.1.0.tgz",
      "integrity": "sha1-EtSj3U5o4Lec6428hBc66A2RykQ="
    },
    "json-2-csv": {
      "version": "https://registry.npmjs.org/json-2-csv/-/json-2-csv-2.1.1.tgz",
      "integrity": "sha1-wUgeyaas0zJAN6gCjGY4U6rLtl4="
    },
    "jsonfile": {
      "version": "https://registry.npmjs.org/jsonfile/-/jsonfile-3.0.0.tgz",
      "integrity": "sha1-kufHRE5f/V+jLmqa6LhQNN+DR9A="
    },
    "lodash": {
      "version": "3.10.1",
      "resolved": "https://registry.npmjs.org/lodash/-/lodash-3.10.1.tgz",
      "integrity": "sha1-W/Rejkm6QYnhfUgnid/RW9FAt7Y="
    },
    "ms": {
      "version": "https://registry.npmjs.org/ms/-/ms-2.0.0.tgz",
      "integrity": "sha1-VgiurfwAvmwpAd9fmGF4jeDVl8g="
    },
    "node-fetch": {
      "version": "https://registry.npmjs.org/node-fetch/-/node-fetch-1.7.0.tgz",
      "integrity": "sha1-P/bFZUT5t/sAaCM4u1Xub1SooO8="
    },
    "node-ngram": {
      "version": "0.0.8",
      "resolved": "https://registry.npmjs.org/node-ngram/-/node-ngram-0.0.8.tgz",
      "integrity": "sha1-jEHQv3S+qRs6DawYExlmHqHcgM8="
    },
    "node-textcleaner": {
      "version": "0.0.1",
      "resolved": "https://registry.npmjs.org/node-textcleaner/-/node-textcleaner-0.0.1.tgz",
      "integrity": "sha1-SPA8jalcPLOvWRAQ0WDJXTKGShA="
    },
    "node-vntokenizer": {
      "version": "0.0.1",
      "resolved": "https://registry.npmjs.org/node-vntokenizer/-/node-vntokenizer-0.0.1.tgz",
      "integrity": "sha1-AoOtR3a9gTSK8Ym6ABZ9mHbAZuI="
    },
    "sentence-tokenizer": {
      "version": "https://registry.npmjs.org/sentence-tokenizer/-/sentence-tokenizer-0.0.8.tgz",
      "integrity": "sha1-brXUSqvFi/V5oqKFSd3xxVPBx+g="
    },
    "sentiment": {
      "version": "https://registry.npmjs.org/sentiment/-/sentiment-4.0.0.tgz",
      "integrity": "sha1-CT4DBSz8V0CudhDchKCTME0RkWY="
    },
    "stemmer": {
      "version": "1.0.1",
      "resolved": "https://registry.npmjs.org/stemmer/-/stemmer-1.0.1.tgz",
      "integrity": "sha1-Ydcv12ErXNVzIUDK8QDdWgLvVGo="
    },
    "sugar": {
      "version": "https://registry.npmjs.org/sugar/-/sugar-1.3.9.tgz",
      "integrity": "sha1-+HnGyHchJStR/QtlIEEtmNg8sXk="
    },
    "underscore": {
      "version": "https://registry.npmjs.org/underscore/-/underscore-1.8.3.tgz",
      "integrity": "sha1-Tz+1OxBuYJf8+ctBCfKl6b36UCI="
    },
    "universalify": {
      "version": "https://registry.npmjs.org/universalify/-/universalify-0.1.0.tgz",
      "integrity": "sha1-nrHEZR3rzGcMyU8adXYjMruWd3g="
    }
  }
}
